
Microsoft Visual Studio Solution File, Format Version 12.00
# Visual Studio Version 17
VisualStudioVersion = 17.10.35027.167
MinimumVisualStudioVersion = 10.0.40219.1
Project("{FAE04EC0-301F-11D3-BF4B-00C04F79EFBC}") = "WindowsForms231173_231433", "WindowsForms231173_231433\WindowsForms231173_231433.csproj", "{50320BF3-9E24-4091-9CFA-798579109D4A}"
EndProject
Global
	GlobalSection(SolutionConfigurationPlatforms) = preSolution
		Debug|Any CPU = Debug|Any CPU
		Release|Any CPU = Release|Any CPU
	EndGlobalSection
	GlobalSection(ProjectConfigurationPlatforms) = postSolution
		{50320BF3-9E24-4091-9CFA-798579109D4A}.Debug|Any CPU.ActiveCfg = Debug|Any CPU
		{50320BF3-9E24-4091-9CFA-798579109D4A}.Debug|Any CPU.Build.0 = Debug|Any CPU
		{50320BF3-9E24-4091-9CFA-798579109D4A}.Release|Any CPU.ActiveCfg = Release|Any CPU
		{50320BF3-9E24-4091-9CFA-798579109D4A}.Release|Any CPU.Build.0 = Release|Any CPU
	EndGlobalSection
	GlobalSection(SolutionProperties) = preSolution
		HideSolutionNode = FALSE
	EndGlobalSection
	GlobalSection(ExtensibilityGlobals) = postSolution
		SolutionGuid = {54705D5D-1CD5-4C3C-978C-9ED0C93A6695}
	EndGlobalSection
EndGlobal
